
Microsoft Visual Studio Solution File, Format Version 12.00
# Visual Studio Version 17
VisualStudioVersion = 17.13.35931.197 d17.13
MinimumVisualStudioVersion = 10.0.40219.1
Project("{FAE04EC0-301F-11D3-BF4B-00C04F79EFBC}") = "DepositCalculator", "DepositCalculator\DepositCalculator.csproj", "{744DF77F-27B1-47DC-8EE4-AF049E42BC1C}"
EndProject
Project("{FAE04EC0-301F-11D3-BF4B-00C04F79EFBC}") = "DepositCalculator.Tests", "DepositCalculator.Tests\DepositCalculator.Tests.csproj", "{1F0A5999-A922-4B36-BFCC-4FD6AB6DF5D7}"
EndProject
Global
	GlobalSection(SolutionConfigurationPlatforms) = preSolution
		Debug|Any CPU = Debug|Any CPU
		Release|Any CPU = Release|Any CPU
	EndGlobalSection
	GlobalSection(ProjectConfigurationPlatforms) = postSolution
		{744DF77F-27B1-47DC-8EE4-AF049E42BC1C}.Debug|Any CPU.ActiveCfg = Debug|Any CPU
		{744DF77F-27B1-47DC-8EE4-AF049E42BC1C}.Debug|Any CPU.Build.0 = Debug|Any CPU
		{744DF77F-27B1-47DC-8EE4-AF049E42BC1C}.Release|Any CPU.ActiveCfg = Release|Any CPU
		{744DF77F-27B1-47DC-8EE4-AF049E42BC1C}.Release|Any CPU.Build.0 = Release|Any CPU
		{1F0A5999-A922-4B36-BFCC-4FD6AB6DF5D7}.Debug|Any CPU.ActiveCfg = Debug|Any CPU
		{1F0A5999-A922-4B36-BFCC-4FD6AB6DF5D7}.Debug|Any CPU.Build.0 = Debug|Any CPU
		{1F0A5999-A922-4B36-BFCC-4FD6AB6DF5D7}.Release|Any CPU.ActiveCfg = Release|Any CPU
		{1F0A5999-A922-4B36-BFCC-4FD6AB6DF5D7}.Release|Any CPU.Build.0 = Release|Any CPU
	EndGlobalSection
	GlobalSection(SolutionProperties) = preSolution
		HideSolutionNode = FALSE
	EndGlobalSection
	GlobalSection(ExtensibilityGlobals) = postSolution
		SolutionGuid = {E3A188D1-B5C4-483A-BFC9-E187649F19E1}
	EndGlobalSection
EndGlobal
